
Microsoft Visual Studio Solution File, Format Version 12.00
# Visual Studio Version 17
VisualStudioVersion = 17.4.33122.133
MinimumVisualStudioVersion = 10.0.40219.1
Project("{FAE04EC0-301F-11D3-BF4B-00C04F79EFBC}") = "PZ_4", "PZ_4\PZ_4.csproj", "{0F4A9CE2-4FEE-480C-BB2F-2F4C45F27A3A}"
EndProject
Global
	GlobalSection(SolutionConfigurationPlatforms) = preSolution
		Debug|Any CPU = Debug|Any CPU
		Release|Any CPU = Release|Any CPU
	EndGlobalSection
	GlobalSection(ProjectConfigurationPlatforms) = postSolution
		{0F4A9CE2-4FEE-480C-BB2F-2F4C45F27A3A}.Debug|Any CPU.ActiveCfg = Debug|Any CPU
		{0F4A9CE2-4FEE-480C-BB2F-2F4C45F27A3A}.Debug|Any CPU.Build.0 = Debug|Any CPU
		{0F4A9CE2-4FEE-480C-BB2F-2F4C45F27A3A}.Release|Any CPU.ActiveCfg = Release|Any CPU
		{0F4A9CE2-4FEE-480C-BB2F-2F4C45F27A3A}.Release|Any CPU.Build.0 = Release|Any CPU
	EndGlobalSection
	GlobalSection(SolutionProperties) = preSolution
		HideSolutionNode = FALSE
	EndGlobalSection
	GlobalSection(ExtensibilityGlobals) = postSolution
		SolutionGuid = {304BF718-452A-44E9-8557-A01E469D2208}
	EndGlobalSection
EndGlobal
